{
    "version": 3,
    "terraform_version": "0.7.13",
    "serial": 2,
    "lineage": "dad01250-051c-48c5-86d9-75661ddc42fc",
    "modules": [
        {
            "path": [
                "root"
            ],
            "outputs": {},
            "resources": {
                "aws_eip.ip": {
                    "type": "aws_eip",
                    "depends_on": [
                        "aws_instance.example"
                    ],
                    "primary": {
                        "id": "eipalloc-5b05ee65",
                        "attributes": {
                            "association_id": "eipassoc-bf0f2880",
                            "domain": "vpc",
                            "id": "eipalloc-5b05ee65",
                            "instance": "i-67ce2bf5",
                            "network_interface": "eni-da9b091a",
                            "private_ip": "172.31.28.90",
                            "public_ip": "34.193.228.230",
                            "vpc": "true"
                        },
                        "meta": {},
                        "tainted": false
                    },
                    "deposed": [],
                    "provider": ""
                },
                "aws_instance.example": {
                    "type": "aws_instance",
                    "depends_on": [],
                    "primary": {
                        "id": "i-67ce2bf5",
                        "attributes": {
                            "ami": "ami-13be557e",
                            "associate_public_ip_address": "true",
                            "availability_zone": "us-east-1c",
                            "disable_api_termination": "false",
                            "ebs_block_device.#": "0",
                            "ebs_optimized": "false",
                            "ephemeral_block_device.#": "0",
                            "iam_instance_profile": "",
                            "id": "i-67ce2bf5",
                            "instance_state": "running",
                            "instance_type": "t2.micro",
                            "key_name": "",
                            "monitoring": "false",
                            "network_interface_id": "eni-da9b091a",
                            "private_dns": "ip-172-31-28-90.ec2.internal",
                            "private_ip": "172.31.28.90",
                            "public_dns": "ec2-54-210-73-146.compute-1.amazonaws.com",
                            "public_ip": "54.210.73.146",
                            "root_block_device.#": "1",
                            "root_block_device.0.delete_on_termination": "true",
                            "root_block_device.0.iops": "100",
                            "root_block_device.0.volume_size": "8",
                            "root_block_device.0.volume_type": "gp2",
                            "security_groups.#": "0",
                            "source_dest_check": "true",
                            "subnet_id": "subnet-f31566aa",
                            "tags.%": "0",
                            "tenancy": "default",
                            "vpc_security_group_ids.#": "1",
                            "vpc_security_group_ids.313467911": "sg-d5eb00b2"
                        },
                        "meta": {
                            "schema_version": "1"
                        },
                        "tainted": false
                    },
                    "deposed": [],
                    "provider": ""
                }
            },
            "depends_on": []
        }
    ]
}
